{
  "requires": true,
  "lockfileVersion": 1,
  "dependencies": {
    "vuetify": {
      "version": "2.5.14",
      "resolved": "https://registry.npmjs.org/vuetify/-/vuetify-2.5.14.tgz",
      "integrity": "sha512-3efk3WnOvh+r9muZ4Ie0FVfFVmPS/ag+l/20qGA45lXZAJuyLeYxJ5gXs5xnCpml1g8xmJfDQPvi8xC6DDuCdg=="
    }
  }
}
